<Solution>
  <Folder Name="/samples/">
    <Project Path="samples/CookieShop.Mvc/CookieShop.Mvc.csproj" />
  </Folder>
  <Folder Name="/src/">
    <Project Path="src/MvcFilterTable/MvcFilterTable.csproj" />
  </Folder>
  <Folder Name="/tests/">
    <Project Path="tests/MvcFilterTable.Tests/MvcFilterTable.Tests.csproj" />
  </Folder>
</Solution>
